// !$*UTF8*$!
{
	archiveVersion = 1;
	classes = {
	};
	objectVersion = 56;
	objects = {

/* Begin PBXBuildFile section */
		5C85494C29007194003A1049 /* AudioPlayer.swift in Sources */ = {isa = PBXBuildFile; fileRef = 5C85494B29007194003A1049 /* AudioPlayer.swift */; };
		5C963EC028E4AC5D00AE8AEA /* RestartApp.swift in Sources */ = {isa = PBXBuildFile; fileRef = 5C963EBF28E4AC5D00AE8AEA /* RestartApp.swift */; };
		5C963EC228E4AC5D00AE8AEA /* ContentView.swift in Sources */ = {isa = PBXBuildFile; fileRef = 5C963EC128E4AC5D00AE8AEA /* ContentView.swift */; };
		5C963EC428E4AC5F00AE8AEA /* Assets.xcassets in Resources */ = {isa = PBXBuildFile; fileRef = 5C963EC328E4AC5F00AE8AEA /* Assets.xcassets */; };
		5C963EC728E4AC5F00AE8AEA /* Preview Assets.xcassets in Resources */ = {isa = PBXBuildFile; fileRef = 5C963EC628E4AC5F00AE8AEA /* Preview Assets.xcassets */; };
		5C963ECF28E4B24B00AE8AEA /* success.m4a in Resources */ = {isa = PBXBuildFile; fileRef = 5C963ECD28E4B24A00AE8AEA /* success.m4a */; };
		5C963ED028E4B24B00AE8AEA /* chimeup.mp3 in Resources */ = {isa = PBXBuildFile; fileRef = 5C963ECE28E4B24B00AE8AEA /* chimeup.mp3 */; };
		5C963ED828E4BCB900AE8AEA /* OnboardingView.swift in Sources */ = {isa = PBXBuildFile; fileRef = 5C963ED728E4BCB900AE8AEA /* OnboardingView.swift */; };
		5C963EDA28E4BCCD00AE8AEA /* HomeView.swift in Sources */ = {isa = PBXBuildFile; fileRef = 5C963ED928E4BCCD00AE8AEA /* HomeView.swift */; };
		5CC9108428E7231E007AF46E /* CircleGroupeView.swift in Sources */ = {isa = PBXBuildFile; fileRef = 5CC9108328E7231E007AF46E /* CircleGroupeView.swift */; };
/* End PBXBuildFile section */

/* Begin PBXFileReference section */
		5C85494B29007194003A1049 /* AudioPlayer.swift */ = {isa = PBXFileReference; lastKnownFileType = sourcecode.swift; path = AudioPlayer.swift; sourceTree = "<group>"; };
		5C963EBC28E4AC5C00AE8AEA /* Restart.app */ = {isa = PBXFileReference; explicitFileType = wrapper.application; includeInIndex = 0; path = Restart.app; sourceTree = BUILT_PRODUCTS_DIR; };
		5C963EBF28E4AC5D00AE8AEA /* RestartApp.swift */ = {isa = PBXFileReference; lastKnownFileType = sourcecode.swift; path = RestartApp.swift; sourceTree = "<group>"; };
		5C963EC128E4AC5D00AE8AEA /* ContentView.swift */ = {isa = PBXFileReference; lastKnownFileType = sourcecode.swift; path = ContentView.swift; sourceTree = "<group>"; };
		5C963EC328E4AC5F00AE8AEA /* Assets.xcassets */ = {isa = PBXFileReference; lastKnownFileType = folder.assetcatalog; path = Assets.xcassets; sourceTree = "<group>"; };
		5C963EC628E4AC5F00AE8AEA /* Preview Assets.xcassets */ = {isa = PBXFileReference; lastKnownFileType = folder.assetcatalog; path = "Preview Assets.xcassets"; sourceTree = "<group>"; };
		5C963ECD28E4B24A00AE8AEA /* success.m4a */ = {isa = PBXFileReference; lastKnownFileType = file; path = success.m4a; sourceTree = "<group>"; };
		5C963ECE28E4B24B00AE8AEA /* chimeup.mp3 */ = {isa = PBXFileReference; lastKnownFileType = audio.mp3; path = chimeup.mp3; sourceTree = "<group>"; };
		5C963ED628E4BA5900AE8AEA /* Info.plist */ = {isa = PBXFileReference; lastKnownFileType = text.plist; path = Info.plist; sourceTree = "<group>"; };
		5C963ED728E4BCB900AE8AEA /* OnboardingView.swift */ = {isa = PBXFileReference; lastKnownFileType = sourcecode.swift; path = OnboardingView.swift; sourceTree = "<group>"; };
		5C963ED928E4BCCD00AE8AEA /* HomeView.swift */ = {isa = PBXFileReference; lastKnownFileType = sourcecode.swift; path = HomeView.swift; sourceTree = "<group>"; };
		5CC9108328E7231E007AF46E /* CircleGroupeView.swift */ = {isa = PBXFileReference; lastKnownFileType = sourcecode.swift; path = CircleGroupeView.swift; sourceTree = "<group>"; };
/* End PBXFileReference section */

/* Begin PBXFrameworksBuildPhase section */
		5C963EB928E4AC5C00AE8AEA /* Frameworks */ = {
			isa = PBXFrameworksBuildPhase;
			buildActionMask = 2147483647;
			files = (
			);
			runOnlyForDeploymentPostprocessing = 0;
		};
/* End PBXFrameworksBuildPhase section */

/* Begin PBXGroup section */
		5C963EB328E4AC5C00AE8AEA = {
			isa = PBXGroup;
			children = (
				5C963EBE28E4AC5C00AE8AEA /* Restart */,
				5C963EBD28E4AC5C00AE8AEA /* Products */,
			);
			sourceTree = "<group>";
		};
		5C963EBD28E4AC5C00AE8AEA /* Products */ = {
			isa = PBXGroup;
			children = (
				5C963EBC28E4AC5C00AE8AEA /* Restart.app */,
			);
			name = Products;
			sourceTree = "<group>";
		};
		5C963EBE28E4AC5C00AE8AEA /* Restart */ = {
			isa = PBXGroup;
			children = (
				5C963ED628E4BA5900AE8AEA /* Info.plist */,
				5C963ED528E4B84C00AE8AEA /* Utilities */,
				5C963ED428E4B82700AE8AEA /* Views */,
				5C963ED228E4B27900AE8AEA /* Sounds */,
				5C963ED328E4B81000AE8AEA /* Screens */,
				5C963EBF28E4AC5D00AE8AEA /* RestartApp.swift */,
				5C963EC328E4AC5F00AE8AEA /* Assets.xcassets */,
				5C963EC528E4AC5F00AE8AEA /* Preview Content */,
			);
			path = Restart;
			sourceTree = "<group>";
		};
		5C963EC528E4AC5F00AE8AEA /* Preview Content */ = {
			isa = PBXGroup;
			children = (
				5C963EC628E4AC5F00AE8AEA /* Preview Assets.xcassets */,
			);
			path = "Preview Content";
			sourceTree = "<group>";
		};
		5C963ED228E4B27900AE8AEA /* Sounds */ = {
			isa = PBXGroup;
			children = (
				5C963ECE28E4B24B00AE8AEA /* chimeup.mp3 */,
				5C963ECD28E4B24A00AE8AEA /* success.m4a */,
			);
			path = Sounds;
			sourceTree = "<group>";
		};
		5C963ED328E4B81000AE8AEA /* Screens */ = {
			isa = PBXGroup;
			children = (
				5C963EC128E4AC5D00AE8AEA /* ContentView.swift */,
				5C963ED728E4BCB900AE8AEA /* OnboardingView.swift */,
				5C963ED928E4BCCD00AE8AEA /* HomeView.swift */,
			);
			path = Screens;
			sourceTree = "<group>";
		};
		5C963ED428E4B82700AE8AEA /* Views */ = {
			isa = PBXGroup;
			children = (
				5CC9108328E7231E007AF46E /* CircleGroupeView.swift */,
			);
			path = Views;
			sourceTree = "<group>";
		};
		5C963ED528E4B84C00AE8AEA /* Utilities */ = {
			isa = PBXGroup;
			children = (
				5C85494B29007194003A1049 /* AudioPlayer.swift */,
			);
			path = Utilities;
			sourceTree = "<group>";
		};
/* End PBXGroup section */

/* Begin PBXNativeTarget section */
		5C963EBB28E4AC5C00AE8AEA /* Restart */ = {
			isa = PBXNativeTarget;
			buildConfigurationList = 5C963ECA28E4AC5F00AE8AEA /* Build configuration list for PBXNativeTarget "Restart" */;
			buildPhases = (
				5C963EB828E4AC5C00AE8AEA /* Sources */,
				5C963EB928E4AC5C00AE8AEA /* Frameworks */,
				5C963EBA28E4AC5C00AE8AEA /* Resources */,
			);
			buildRules = (
			);
			dependencies = (
			);
			name = Restart;
			productName = Restart;
			productReference = 5C963EBC28E4AC5C00AE8AEA /* Restart.app */;
			productType = "com.apple.product-type.application";
		};
/* End PBXNativeTarget section */

/* Begin PBXProject section */
		5C963EB428E4AC5C00AE8AEA /* Project object */ = {
			isa = PBXProject;
			attributes = {
				BuildIndependentTargetsInParallel = 1;
				LastSwiftUpdateCheck = 1400;
				LastUpgradeCheck = 1400;
				TargetAttributes = {
					5C963EBB28E4AC5C00AE8AEA = {
						CreatedOnToolsVersion = 14.0;
					};
				};
			};
			buildConfigurationList = 5C963EB728E4AC5C00AE8AEA /* Build configuration list for PBXProject "Restart" */;
			compatibilityVersion = "Xcode 14.0";
			developmentRegion = en;
			hasScannedForEncodings = 0;
			knownRegions = (
				en,
				Base,
			);
			mainGroup = 5C963EB328E4AC5C00AE8AEA;
			productRefGroup = 5C963EBD28E4AC5C00AE8AEA /* Products */;
			projectDirPath = "";
			projectRoot = "";
			targets = (
				5C963EBB28E4AC5C00AE8AEA /* Restart */,
			);
		};
/* End PBXProject section */

/* Begin PBXResourcesBuildPhase section */
		5C963EBA28E4AC5C00AE8AEA /* Resources */ = {
			isa = PBXResourcesBuildPhase;
			buildActionMask = 2147483647;
			files = (
				5C963ED028E4B24B00AE8AEA /* chimeup.mp3 in Resources */,
				5C963EC728E4AC5F00AE8AEA /* Preview Assets.xcassets in Resources */,
				5C963ECF28E4B24B00AE8AEA /* success.m4a in Resources */,
				5C963EC428E4AC5F00AE8AEA /* Assets.xcassets in Resources */,
			);
			runOnlyForDeploymentPostprocessing = 0;
		};
/* End PBXResourcesBuildPhase section */

/* Begin PBXSourcesBuildPhase section */
		5C963EB828E4AC5C00AE8AEA /* Sources */ = {
			isa = PBXSourcesBuildPhase;
			buildActionMask = 2147483647;
			files = (
				5C963ED828E4BCB900AE8AEA /* OnboardingView.swift in Sources */,
				5C963EDA28E4BCCD00AE8AEA /* HomeView.swift in Sources */,
				5C963EC228E4AC5D00AE8AEA /* ContentView.swift in Sources */,
				5CC9108428E7231E007AF46E /* CircleGroupeView.swift in Sources */,
				5C963EC028E4AC5D00AE8AEA /* RestartApp.swift in Sources */,
				5C85494C29007194003A1049 /* AudioPlayer.swift in Sources */,
			);
			runOnlyForDeploymentPostprocessing = 0;
		};
/* End PBXSourcesBuildPhase section */

/* Begin XCBuildConfiguration section */
		5C963EC828E4AC5F00AE8AEA /* Debug */ = {
			isa = XCBuildConfiguration;
			buildSettings = {
				ALWAYS_SEARCH_USER_PATHS = NO;
				CLANG_ANALYZER_NONNULL = YES;
				CLANG_ANALYZER_NUMBER_OBJECT_CONVERSION = YES_AGGRESSIVE;
				CLANG_CXX_LANGUAGE_STANDARD = "gnu++20";
				CLANG_ENABLE_MODULES = YES;
				CLANG_ENABLE_OBJC_ARC = YES;
				CLANG_ENABLE_OBJC_WEAK = YES;
				CLANG_WARN_BLOCK_CAPTURE_AUTORELEASING = YES;
				CLANG_WARN_BOOL_CONVERSION = YES;
				CLANG_WARN_COMMA = YES;
				CLANG_WARN_CONSTANT_CONVERSION = YES;
				CLANG_WARN_DEPRECATED_OBJC_IMPLEMENTATIONS = YES;
				CLANG_WARN_DIRECT_OBJC_ISA_USAGE = YES_ERROR;
				CLANG_WARN_DOCUMENTATION_COMMENTS = YES;
				CLANG_WARN_EMPTY_BODY = YES;
				CLANG_WARN_ENUM_CONVERSION = YES;
				CLANG_WARN_INFINITE_RECURSION = YES;
				CLANG_WARN_INT_CONVERSION = YES;
				CLANG_WARN_NON_LITERAL_NULL_CONVERSION = YES;
				CLANG_WARN_OBJC_IMPLICIT_RETAIN_SELF = YES;
				CLANG_WARN_OBJC_LITERAL_CONVERSION = YES;
				CLANG_WARN_OBJC_ROOT_CLASS = YES_ERROR;
				CLANG_WARN_QUOTED_INCLUDE_IN_FRAMEWORK_HEADER = YES;
				CLANG_WARN_RANGE_LOOP_ANALYSIS = YES;
				CLANG_WARN_STRICT_PROTOTYPES = YES;
				CLANG_WARN_SUSPICIOUS_MOVE = YES;
				CLANG_WARN_UNGUARDED_AVAILABILITY = YES_AGGRESSIVE;
				CLANG_WARN_UNREACHABLE_CODE = YES;
				CLANG_WARN__DUPLICATE_METHOD_MATCH = YES;
				COPY_PHASE_STRIP = NO;
				DEBUG_INFORMATION_FORMAT = dwarf;
				ENABLE_STRICT_OBJC_MSGSEND = YES;
				ENABLE_TESTABILITY = YES;
				GCC_C_LANGUAGE_STANDARD = gnu11;
				GCC_DYNAMIC_NO_PIC = NO;
				GCC_NO_COMMON_BLOCKS = YES;
				GCC_OPTIMIZATION_LEVEL = 0;
				GCC_PREPROCESSOR_DEFINITIONS = (
					"DEBUG=1",
					"$(inherited)",
				);
				GCC_WARN_64_TO_32_BIT_CONVERSION = YES;
				GCC_WARN_ABOUT_RETURN_TYPE = YES_ERROR;
				GCC_WARN_UNDECLARED_SELECTOR = YES;
				GCC_WARN_UNINITIALIZED_AUTOS = YES_AGGRESSIVE;
				GCC_WARN_UNUSED_FUNCTION = YES;
				GCC_WARN_UNUSED_VARIABLE = YES;
				IPHONEOS_DEPLOYMENT_TARGET = 16.0;
				MTL_ENABLE_DEBUG_INFO = INCLUDE_SOURCE;
				MTL_FAST_MATH = YES;
				ONLY_ACTIVE_ARCH = YES;
				SDKROOT = iphoneos;
				SWIFT_ACTIVE_COMPILATION_CONDITIONS = DEBUG;
				SWIFT_OPTIMIZATION_LEVEL = "-Onone";
			};
			name = Debug;
		};
		5C963EC928E4AC5F00AE8AEA /* Release */ = {
			isa = XCBuildConfiguration;
			buildSettings = {
				ALWAYS_SEARCH_USER_PATHS = NO;
				CLANG_ANALYZER_NONNULL = YES;
				CLANG_ANALYZER_NUMBER_OBJECT_CONVERSION = YES_AGGRESSIVE;
				CLANG_CXX_LANGUAGE_STANDARD = "gnu++20";
				CLANG_ENABLE_MODULES = YES;
				CLANG_ENABLE_OBJC_ARC = YES;
				CLANG_ENABLE_OBJC_WEAK = YES;
				CLANG_WARN_BLOCK_CAPTURE_AUTORELEASING = YES;
				CLANG_WARN_BOOL_CONVERSION = YES;
				CLANG_WARN_COMMA = YES;
				CLANG_WARN_CONSTANT_CONVERSION = YES;
				CLANG_WARN_DEPRECATED_OBJC_IMPLEMENTATIONS = YES;
				CLANG_WARN_DIRECT_OBJC_ISA_USAGE = YES_ERROR;
				CLANG_WARN_DOCUMENTATION_COMMENTS = YES;
				CLANG_WARN_EMPTY_BODY = YES;
				CLANG_WARN_ENUM_CONVERSION = YES;
				CLANG_WARN_INFINITE_RECURSION = YES;
				CLANG_WARN_INT_CONVERSION = YES;
				CLANG_WARN_NON_LITERAL_NULL_CONVERSION = YES;
				CLANG_WARN_OBJC_IMPLICIT_RETAIN_SELF = YES;
				CLANG_WARN_OBJC_LITERAL_CONVERSION = YES;
				CLANG_WARN_OBJC_ROOT_CLASS = YES_ERROR;
				CLANG_WARN_QUOTED_INCLUDE_IN_FRAMEWORK_HEADER = YES;
				CLANG_WARN_RANGE_LOOP_ANALYSIS = YES;
				CLANG_WARN_STRICT_PROTOTYPES = YES;
				CLANG_WARN_SUSPICIOUS_MOVE = YES;
				CLANG_WARN_UNGUARDED_AVAILABILITY = YES_AGGRESSIVE;
				CLANG_WARN_UNREACHABLE_CODE = YES;
				CLANG_WARN__DUPLICATE_METHOD_MATCH = YES;
				COPY_PHASE_STRIP = NO;
				DEBUG_INFORMATION_FORMAT = "dwarf-with-dsym";
				ENABLE_NS_ASSERTIONS = NO;
				ENABLE_STRICT_OBJC_MSGSEND = YES;
				GCC_C_LANGUAGE_STANDARD = gnu11;
				GCC_NO_COMMON_BLOCKS = YES;
				GCC_WARN_64_TO_32_BIT_CONVERSION = YES;
				GCC_WARN_ABOUT_RETURN_TYPE = YES_ERROR;
				GCC_WARN_UNDECLARED_SELECTOR = YES;
				GCC_WARN_UNINITIALIZED_AUTOS = YES_AGGRESSIVE;
				GCC_WARN_UNUSED_FUNCTION = YES;
				GCC_WARN_UNUSED_VARIABLE = YES;
				IPHONEOS_DEPLOYMENT_TARGET = 16.0;
				MTL_ENABLE_DEBUG_INFO = NO;
				MTL_FAST_MATH = YES;
				SDKROOT = iphoneos;
				SWIFT_COMPILATION_MODE = wholemodule;
				SWIFT_OPTIMIZATION_LEVEL = "-O";
				VALIDATE_PRODUCT = YES;
			};
			name = Release;
		};
		5C963ECB28E4AC5F00AE8AEA /* Debug */ = {
			isa = XCBuildConfiguration;
			buildSettings = {
				ASSETCATALOG_COMPILER_APPICON_NAME = AppIcon;
				ASSETCATALOG_COMPILER_GLOBAL_ACCENT_COLOR_NAME = AccentColor;
				CODE_SIGN_STYLE = Automatic;
				CURRENT_PROJECT_VERSION = 1;
				DEVELOPMENT_ASSET_PATHS = "\"Restart/Preview Content\"";
				DEVELOPMENT_TEAM = U52V863HN3;
				ENABLE_PREVIEWS = YES;
				GENERATE_INFOPLIST_FILE = YES;
				INFOPLIST_FILE = Restart/Info.plist;
				INFOPLIST_KEY_UIApplicationSceneManifest_Generation = YES;
				INFOPLIST_KEY_UIApplicationSupportsIndirectInputEvents = YES;
				INFOPLIST_KEY_UISupportedInterfaceOrientations = UIInterfaceOrientationPortrait;
				IPHONEOS_DEPLOYMENT_TARGET = 15.0;
				LD_RUNPATH_SEARCH_PATHS = (
					"$(inherited)",
					"@executable_path/Frameworks",
				);
				MARKETING_VERSION = 1.0;
				PRODUCT_BUNDLE_IDENTIFIER = com.flo.Restart;
				PRODUCT_NAME = "$(TARGET_NAME)";
				SUPPORTED_PLATFORMS = "iphoneos iphonesimulator";
				SUPPORTS_MACCATALYST = NO;
				SUPPORTS_MAC_DESIGNED_FOR_IPHONE_IPAD = NO;
				SWIFT_EMIT_LOC_STRINGS = YES;
				SWIFT_VERSION = 5.0;
				TARGETED_DEVICE_FAMILY = 1;
			};
			name = Debug;
		};
		5C963ECC28E4AC5F00AE8AEA /* Release */ = {
			isa = XCBuildConfiguration;
			buildSettings = {
				ASSETCATALOG_COMPILER_APPICON_NAME = AppIcon;
				ASSETCATALOG_COMPILER_GLOBAL_ACCENT_COLOR_NAME = AccentColor;
				CODE_SIGN_STYLE = Automatic;
				CURRENT_PROJECT_VERSION = 1;
				DEVELOPMENT_ASSET_PATHS = "\"Restart/Preview Content\"";
				DEVELOPMENT_TEAM = U52V863HN3;
				ENABLE_PREVIEWS = YES;
				GENERATE_INFOPLIST_FILE = YES;
				INFOPLIST_FILE = Restart/Info.plist;
				INFOPLIST_KEY_UIApplicationSceneManifest_Generation = YES;
				INFOPLIST_KEY_UIApplicationSupportsIndirectInputEvents = YES;
				INFOPLIST_KEY_UISupportedInterfaceOrientations = UIInterfaceOrientationPortrait;
				IPHONEOS_DEPLOYMENT_TARGET = 15.0;
				LD_RUNPATH_SEARCH_PATHS = (
					"$(inherited)",
					"@executable_path/Frameworks",
				);
				MARKETING_VERSION = 1.0;
				PRODUCT_BUNDLE_IDENTIFIER = com.flo.Restart;
				PRODUCT_NAME = "$(TARGET_NAME)";
				SUPPORTED_PLATFORMS = "iphoneos iphonesimulator";
				SUPPORTS_MACCATALYST = NO;
				SUPPORTS_MAC_DESIGNED_FOR_IPHONE_IPAD = NO;
				SWIFT_EMIT_LOC_STRINGS = YES;
				SWIFT_VERSION = 5.0;
				TARGETED_DEVICE_FAMILY = 1;
			};
			name = Release;
		};
/* End XCBuildConfiguration section */

/* Begin XCConfigurationList section */
		5C963EB728E4AC5C00AE8AEA /* Build configuration list for PBXProject "Restart" */ = {
			isa = XCConfigurationList;
			buildConfigurations = (
				5C963EC828E4AC5F00AE8AEA /* Debug */,
				5C963EC928E4AC5F00AE8AEA /* Release */,
			);
			defaultConfigurationIsVisible = 0;
			defaultConfigurationName = Release;
		};
		5C963ECA28E4AC5F00AE8AEA /* Build configuration list for PBXNativeTarget "Restart" */ = {
			isa = XCConfigurationList;
			buildConfigurations = (
				5C963ECB28E4AC5F00AE8AEA /* Debug */,
				5C963ECC28E4AC5F00AE8AEA /* Release */,
			);
			defaultConfigurationIsVisible = 0;
			defaultConfigurationName = Release;
		};
/* End XCConfigurationList section */
	};
	rootObject = 5C963EB428E4AC5C00AE8AEA /* Project object */;
}
